
Microsoft Visual Studio Solution File, Format Version 12.00
# Visual Studio Version 17
VisualStudioVersion = 17.12.35707.178
MinimumVisualStudioVersion = 10.0.40219.1
Project("{FAE04EC0-301F-11D3-BF4B-00C04F79EFBC}") = "IOHelper", "IOHelper\IOHelper.csproj", "{C3581FCE-122E-4862-B26B-BA0DECD0054A}"
EndProject
Project("{2150E333-8FDC-42A3-9474-1A3956D46DE8}") = "Solution Items", "Solution Items", "{3E177230-D64D-4C51-90B2-F9BE2D44D0C5}"
	ProjectSection(SolutionItems) = preProject
		.editorconfig = .editorconfig
	EndProjectSection
EndProject
Global
	GlobalSection(SolutionConfigurationPlatforms) = preSolution
		Debug|Any CPU = Debug|Any CPU
		Release|Any CPU = Release|Any CPU
	EndGlobalSection
	GlobalSection(ProjectConfigurationPlatforms) = postSolution
		{C3581FCE-122E-4862-B26B-BA0DECD0054A}.Debug|Any CPU.ActiveCfg = Debug|Any CPU
		{C3581FCE-122E-4862-B26B-BA0DECD0054A}.Debug|Any CPU.Build.0 = Debug|Any CPU
		{C3581FCE-122E-4862-B26B-BA0DECD0054A}.Release|Any CPU.ActiveCfg = Release|Any CPU
		{C3581FCE-122E-4862-B26B-BA0DECD0054A}.Release|Any CPU.Build.0 = Release|Any CPU
	EndGlobalSection
	GlobalSection(SolutionProperties) = preSolution
		HideSolutionNode = FALSE
	EndGlobalSection
EndGlobal
